PackratFormat: 1.4
PackratVersion: 0.4.8.1
RVersion: 3.3.0
Repos: BioCsoft=https://bioconductor.org/packages/3.4/bioc,
    BioCann=https://bioconductor.org/packages/3.4/data/annotation,
    BioCexp=https://bioconductor.org/packages/3.4/data/experiment,
    BioCextra=https://bioconductor.org/packages/3.4/extra,
    CRAN=https://cran.rstudio.com/,
    CRANextra=https://www.stats.ox.ac.uk/pub/RWin

Package: BH
Source: CRAN
Version: 1.65.0-1
Hash: 95f62be4d6916aae14a310a8b56a6475

Package: Formula
Source: CRAN
Version: 1.2-2
Hash: 31c4658e6ae879eee45fcf7b6d109464

Package: Hmisc
Source: CRAN
Version: 4.0-3
Hash: 7e93c14752acdc238561bbdf56ad9ac2
Requires: Formula, acepack, base64enc, cluster, data.table, foreign,
    ggplot2, gridExtra, gtable, htmlTable, htmltools, lattice,
    latticeExtra, nnet, rpart, survival, viridis

Package: MASS
Source: CRAN
Version: 7.3-47
Hash: cef924b1619219cfc32edbb8a340e652

Package: Matrix
Source: CRAN
Version: 1.2-12
Hash: c134ceb3a533b93c266a93fd7e1b652c
Requires: lattice

Package: MatrixModels
Source: CRAN
Version: 0.4-1
Hash: 60a5c75e57aae4a0ce76cb7422939aaf
Requires: Matrix

Package: QuantPsyc
Source: CRAN
Version: 1.5
Hash: 3c2bc1361b17876f69f9d0192945fff8
Requires: MASS, boot

Package: R6
Source: CRAN
Version: 2.2.2
Hash: b2366cd9d2f3851a5704b4e192b985c2

Package: RColorBrewer
Source: CRAN
Version: 1.1-2
Hash: c0d56cd15034f395874c870141870c25

Package: Rcpp
Source: CRAN
Version: 0.12.13
Hash: b9d8d89ff10ca2d8bfdaccdf83045ba1

Package: RcppEigen
Source: CRAN
Version: 0.3.3.3.0
Hash: 933dc08308024e34b6f23f0e25f5fcf1
Requires: Matrix, Rcpp

Package: RgoogleMaps
Source: CRAN
Version: 1.4.1
Hash: 3310ba24c8436b297d1fb60ac4324ff2
Requires: png

Package: SparseM
Source: CRAN
Version: 1.77
Hash: 08f1f60e1038957030bcd9f4a58d22d8

Package: TH.data
Source: CRAN
Version: 1.0-8
Hash: 06a65803bc437e0e86280c425b850313
Requires: MASS, survival

Package: TMB
Source: CRAN
Version: 1.7.11
Hash: dd9731b4038d2c6fcbee9529dd81a65e
Requires: Matrix, RcppEigen

Package: TeachingDemos
Source: CRAN
Version: 2.10
Hash: dd58fab04d2bb63a4be67f53642f5e83

Package: acepack
Source: CRAN
Version: 1.4.1
Hash: 5ed3b04bc1fa1a934188fc6022d3ba7c

Package: assertthat
Source: CRAN
Version: 0.2.0
Hash: e8805df54c65ac96d50235c44a82615c

Package: backports
Source: CRAN
Version: 1.1.1
Hash: add136c9d4540b96290e9cc438763da7

Package: base64enc
Source: CRAN
Version: 0.1-3
Hash: c590d29e555926af053055e23ee79efb

Package: bayesplot
Source: CRAN
Version: 1.4.0
Hash: 2f4eb41d698613b7c81b1731f9ae9182
Requires: dplyr, ggplot2, reshape2, rlang

Package: bindr
Source: CRAN
Version: 0.1
Hash: e3a02070cf705d3ad1c5af1635a515a3

Package: bindrcpp
Source: CRAN
Version: 0.2
Hash: e011aef1e6b2f8ff15d833f56abcf0ba
Requires: Rcpp, bindr, plogr

Package: bitops
Source: CRAN
Version: 1.0-6
Hash: 67d0775189fd0041d95abca618c5c07e

Package: boot
Source: CRAN
Version: 1.3-20
Hash: 1d661b615b3f5c3f7d0ea02fcf658c02

Package: broom
Source: CRAN
Version: 0.4.3
Hash: e796a434d80c7358cb3eb5acb142fb45
Requires: dplyr, nlme, plyr, psych, reshape2, stringr, tidyr

Package: caTools
Source: CRAN
Version: 1.17.1
Hash: 97cb6f6293cd18d17df77a6383cc6763
Requires: bitops

Package: car
Source: CRAN
Version: 2.1-5
Hash: 3c9e1eac57d1c381f7ce9562895eb33b
Requires: MASS, mgcv, nnet, pbkrtest, quantreg

Package: cellranger
Source: CRAN
Version: 1.1.0
Hash: 4e1ef4d099b0c5fd531a3938cf4624bd
Requires: rematch, tibble

Package: checkmate
Source: CRAN
Version: 1.8.4
Hash: fa853c0684e55ece9fc2de1bdcde9230
Requires: backports

Package: cli
Source: CRAN
Version: 1.0.0
Hash: f4239f89feb7ddc65821e4514e9734ae
Requires: assertthat, crayon

Package: cluster
Source: CRAN
Version: 2.0.6
Hash: 8aa5c05d0394b5659e122d096aff8f63

Package: coin
Source: CRAN
Version: 1.2-2
Hash: 084f6261d6bd75369a2d2f3a947a2304
Requires: modeltools, multcomp, mvtnorm, survival

Package: colorspace
Source: CRAN
Version: 1.3-2
Hash: 0bf8618b585fa98eb23414cd3ab95118

Package: corpcor
Source: CRAN
Version: 1.6.9
Hash: f641167f85158bfc7cd4b97ac1c26701

Package: crayon
Source: CRAN
Version: 1.3.4
Hash: ff2840dd9b0d563fc80377a5a45510cd

Package: data.table
Source: CRAN
Version: 1.10.4
Hash: 2c7c47ccb40d01c7b214c8eff818108d

Package: deldir
Source: CRAN
Version: 0.1-14
Hash: d898ea6cb91aaf629f785aa898b6e72f

Package: dichromat
Source: CRAN
Version: 2.0-0
Hash: 08eed0c80510af29bb15f840ccfe37ce

Package: digest
Source: CRAN
Version: 0.6.12
Hash: e53fb8c58673df868183697e39a6a4d6

Package: dplyr
Source: CRAN
Version: 0.7.4
Hash: 8f4e0074ac488385f084e27bf6f54d41
Requires: BH, R6, Rcpp, assertthat, bindrcpp, glue, magrittr,
    pkgconfig, plogr, rlang, tibble

Package: earth
Source: CRAN
Version: 4.5.1
Hash: 2abf2222a7d01b092ba4aaa693e0a3e7
Requires: TeachingDemos, plotmo

Package: evaluate
Source: CRAN
Version: 0.10.1
Hash: 54d95f4ec6d0300100413ed0127d89ae
Requires: stringr

Package: fmsb
Source: CRAN
Version: 0.6.1
Hash: 4bf4e5a222f6a1b53148b7ccd72deebf

Package: forcats
Source: CRAN
Version: 0.2.0
Hash: e5a3b0b96a39f5581467b0c6366f7408
Requires: magrittr, tibble

Package: foreign
Source: CRAN
Version: 0.8-69
Hash: 6cb09ceba757189aff90eb9bb72c8983

Package: formatR
Source: CRAN
Version: 1.5
Hash: 258cf79a8dbeedf1c981cdb53837d2af

Package: gbm
Source: CRAN
Version: 2.1.3
Hash: fd26a027100111d924a4a8bc319c6968
Requires: lattice, survival

Package: gdata
Source: CRAN
Version: 2.18.0
Hash: 62797fafa287d1845a014c615d46e50c
Requires: gtools

Package: geosphere
Source: CRAN
Version: 1.5-5
Hash: 6772bef0f3f3aaa58b475479c03ff596
Requires: sp

Package: ggmap
Source: CRAN
Version: 2.6.1
Hash: 3e5545418aab1ad8e47c218236dd4f0b
Requires: RgoogleMaps, digest, geosphere, ggplot2, jpeg, mapproj, plyr,
    png, proto, reshape2, rjson, scales

Package: ggplot2
Source: CRAN
Version: 2.2.1
Hash: 46e5cb78836848aa44655e577433f54b
Requires: MASS, digest, gtable, lazyeval, plyr, reshape2, scales,
    tibble

Package: ggrepel
Source: CRAN
Version: 0.7.0
Hash: baad43de63c8fd3ea4512f897c79657a
Requires: Rcpp, ggplot2, scales

Package: glmmTMB
Source: CRAN
Version: 0.1.4
Hash: 05334c9ec0f216f7b69118178b0d0b39
Requires: Matrix, RcppEigen, TMB, lme4, nlme

Package: glue
Source: CRAN
Version: 1.1.1
Hash: dfd5a27768175ae51d08dc6beba1ef11

Package: gridExtra
Source: CRAN
Version: 2.3
Hash: fa977bc1aab5588a08123b10ceb1ad3d
Requires: gtable

Package: gtable
Source: CRAN
Version: 0.2.0
Hash: cd78381a9d3fea966ac39bd0daaf5554

Package: gtools
Source: CRAN
Version: 3.5.0
Hash: 471b2e2452dfb30fdc1dd6f1b567925a

Package: haven
Source: CRAN
Version: 1.1.0
Hash: 16cc6931b26cee1e1a7607be627be1b8
Requires: Rcpp, forcats, hms, readr, tibble

Package: highr
Source: CRAN
Version: 0.6
Hash: aa3d5b7912b5fed4b546ed5cd2a1760b

Package: hms
Source: CRAN
Version: 0.4.0
Hash: 05d6cc09cc4ea93b9459734ff885e5f9
Requires: pkgconfig, rlang

Package: htmlTable
Source: CRAN
Version: 1.9
Hash: b2a584fec4ff8c6206b01a55bed18e55
Requires: checkmate, htmlwidgets, knitr, magrittr, stringr

Package: htmltools
Source: CRAN
Version: 0.3.6
Hash: 34e5c725d3ae30a76516792edcc16f24
Requires: Rcpp, digest

Package: htmlwidgets
Source: CRAN
Version: 0.9
Hash: 7514f6ea9f3bef6d9b6c945095275302
Requires: htmltools, jsonlite, yaml

Package: httpuv
Source: CRAN
Version: 1.3.5
Hash: 6fb95f48d0fbf453ad18ace1606b6192
Requires: Rcpp

Package: jpeg
Source: CRAN
Version: 0.1-8
Hash: 189af3df9864c6aa8546033f08ba9358

Package: jsonlite
Source: CRAN
Version: 1.4
Hash: 24cc0ffeb1771d710173d9803a131870

Package: knitr
Source: CRAN
Version: 1.17
Hash: f6b2bf543ee3e25f5b92bb46f9958c5f
Requires: digest, evaluate, highr, markdown, stringr, yaml

Package: labeling
Source: CRAN
Version: 0.3
Hash: ecf589b42cd284b03a4beb9665482d3e

Package: lattice
Source: CRAN
Version: 0.20-35
Hash: 26b9d7f0d0cb4e1d1bbb97f867c82d89

Package: latticeExtra
Source: CRAN
Version: 0.6-28
Hash: efdf3a10a129129f7b8f4ae5a0d7ec3d
Requires: RColorBrewer, lattice

Package: lavaan
Source: CRAN
Version: 0.5-23.1097
Hash: 3acbd8e4f2b2ff32317763019c0f3c9f
Requires: MASS, mnormt, numDeriv, pbivnorm, quadprog

Package: lazyeval
Source: CRAN
Version: 0.2.0
Hash: 3d6e7608e65bbf5cb170dab1e3c9ed8b

Package: lme4
Source: CRAN
Version: 1.1-14
Hash: 63d85a1793162979799c8ce8af7c9ff1
Requires: MASS, Matrix, Rcpp, RcppEigen, lattice, minqa, nlme, nloptr

Package: lmtest
Source: CRAN
Version: 0.9-35
Hash: 370fc77c3949074497a1dac38180b4a9
Requires: zoo

Package: magrittr
Source: CRAN
Version: 1.5
Hash: bdc4d48c3135e8f3b399536ddf160df4

Package: mapproj
Source: CRAN
Version: 1.2-5
Hash: c1a918323e5d768ca1a5f91eea5571af
Requires: maps

Package: maps
Source: CRAN
Version: 3.2.0
Hash: 086a0f4e41bf42749d8737e9407a4853

Package: maptools
Source: CRAN
Version: 0.9-2
Hash: 2dfbad6ef57f83a91e4e9d4ccc0807cd
Requires: foreign, lattice, sp

Package: markdown
Source: CRAN
Version: 0.8
Hash: 045d7c594d503b41f1c28946d076c8aa
Requires: mime

Package: mgcv
Source: CRAN
Version: 1.8-22
Hash: ce8966e5576ec881696013bc4acc7d97
Requires: Matrix, nlme

Package: mime
Source: CRAN
Version: 0.5
Hash: 463550cf44fb6f0a2359368f42eebe62

Package: minpack.lm
Source: CRAN
Version: 1.2-1
Hash: 88a03e2293868661e3471b440558bc7c

Package: minqa
Source: CRAN
Version: 1.2.4
Hash: 4e2bdfa21b292ed3cd56c04d203ef37e
Requires: Rcpp

Package: misc3d
Source: CRAN
Version: 0.8-4
Hash: 44836021ee460c4176d6e070e931f488

Package: mitools
Source: CRAN
Version: 2.3
Hash: 23598972693853a09548ccd90cecf84e

Package: mnormt
Source: CRAN
Version: 1.5-5
Hash: d0d5efbb1fb26d2dc5f9394c223084b5

Package: modelr
Source: CRAN
Version: 0.1.1
Hash: dc3b2de1720a22560510dccbdffe2c17
Requires: broom, dplyr, lazyeval, magrittr, purrr, tibble, tidyr

Package: modeltools
Source: CRAN
Version: 0.2-21
Hash: 3dc03397b2a4375c8a5e5f09c8cf0ae1

Package: multcomp
Source: CRAN
Version: 1.4-8
Hash: 567147e7257cc1b38b22b34a8c6697c0
Requires: TH.data, mvtnorm, sandwich, survival

Package: munsell
Source: CRAN
Version: 0.4.3
Hash: f96d896947fcaf9b6d0074002e9f4f9d
Requires: colorspace

Package: mvtnorm
Source: CRAN
Version: 1.0-6
Hash: 1f55cdac387721d4eda1126ac9aba73b

Package: nlme
Source: CRAN
Version: 3.1-131
Hash: 7f5580f9c481d6921298f224c391b308
Requires: lattice

Package: nloptr
Source: CRAN
Version: 1.0.4
Hash: 8053df240a4635aeb54fc68c6de67709

Package: nnet
Source: CRAN
Version: 7.3-12
Hash: 42c83a1f063b40fd8bb6ad68ed528aa5

Package: numDeriv
Source: CRAN
Version: 2016.8-1
Hash: 3a9d0fc99ba2f6aaa500b3d584962be2

Package: packrat
Source: CRAN
Version: 0.4.8-1
Hash: 6ad605ba7b4b476d84be6632393f5765

Package: pbivnorm
Source: CRAN
Version: 0.6.0
Hash: 49a3782a63f861575cd5e3ad0559690f

Package: pbkrtest
Source: CRAN
Version: 0.4-7
Hash: f195c3a0f527f69c491569c5cbaaf1db
Requires: MASS, Matrix, lme4

Package: piecewiseSEM
Source: CRAN
Version: 1.2.1
Hash: ee3c1a1c9db1faf7080dc1ce57d7d46f
Requires: lavaan, lme4, nlme, pbkrtest

Package: pkgconfig
Source: CRAN
Version: 2.0.1
Hash: 0dda4a2654a22b36a715c2b0b6fbacac

Package: plogr
Source: CRAN
Version: 0.1-1
Hash: fb19215402e2d9f1c7f803dcaa806fc2

Package: plot3D
Source: CRAN
Version: 1.1.1
Hash: 3d5dee438be3fc8bb1c8c14ae41be8a7
Requires: misc3d

Package: plot3Drgl
Source: CRAN
Version: 1.0.1
Hash: 98f5d28661f1c429c74c557a6ea5dfdb
Requires: plot3D, rgl

Package: plotmo
Source: CRAN
Version: 3.3.4
Hash: fddef85adbefc1d19fcd7dfd185ed585
Requires: TeachingDemos, plotrix

Package: plotrix
Source: CRAN
Version: 3.6-6
Hash: c555fd387a706d22d164ab69f501deb7

Package: plyr
Source: CRAN
Version: 1.8.4
Hash: 9598fbff0cce13bee89ae3a50230d93f
Requires: Rcpp

Package: png
Source: CRAN
Version: 0.1-7
Hash: 421d7d6e0fb4bd885ecbd909b6456b8b

Package: prediction
Source: CRAN
Version: 0.2.0
Hash: b31cbc74284b266725e74f643570069a

Package: proto
Source: CRAN
Version: 1.0.0
Hash: f9a2528572320c1e0bc8783dfd6e0fae

Package: psych
Source: CRAN
Version: 1.7.8
Hash: a9e7713423365e42e06413285a89e610
Requires: foreign, lattice, mnormt, nlme

Package: purrr
Source: CRAN
Version: 0.2.3
Hash: d741f262ed1b74543e33c5426a497996
Requires: magrittr, rlang, tibble

Package: pwr
Source: CRAN
Version: 1.2-1
Hash: b7137be23b6ba662104576a9a599d7d9

Package: quadprog
Source: CRAN
Version: 1.5-5
Hash: 69000b7dc41b09977dcf781f909d235c

Package: quantreg
Source: CRAN
Version: 5.33
Hash: 30421e83e9d36563250019b6b2adafce
Requires: Matrix, MatrixModels, SparseM

Package: readr
Source: CRAN
Version: 1.1.1
Hash: ea0a469092f234fed40b574695ce7c0b
Requires: BH, R6, Rcpp, hms, tibble

Package: readxl
Source: CRAN
Version: 1.0.0
Hash: 006771e12b2ae14b7dd6f77dfb70d802
Requires: Rcpp, cellranger, tibble

Package: relaimpo
Source: CRAN
Version: 2.2-2
Hash: 506df20c44873fd1ccdf528441f45d11
Requires: MASS, boot, corpcor, mitools, survey

Package: rematch
Source: CRAN
Version: 1.0.1
Hash: ad4faf59e7611117ff165817074c50c7

Package: reshape
Source: CRAN
Version: 0.8.7
Hash: f026a2928c05063a8d0b2e29a129f9a0
Requires: plyr

Package: reshape2
Source: CRAN
Version: 1.4.2
Hash: cca35d2c477d99d8bc53908939eb659e
Requires: Rcpp, plyr, stringr

Package: rgdal
Source: CRAN
Version: 1.2-13
Hash: 5d9ec9a5a76932f8a7a3f25444ffbd14
Requires: sp

Package: rgeos
Source: CRAN
Version: 0.3-25
Hash: d7e2a795ca0f1bb8d7c68ca37d1f9015
Requires: sp

Package: rgl
Source: CRAN
Version: 0.96.0
Hash: 68d88cb2031223e2081d272d53bc32de
Requires: htmltools, htmlwidgets, jsonlite, knitr, magrittr, shiny

Package: rjson
Source: CRAN
Version: 0.2.15
Hash: def074f38d0cff3b597649ee6f976128

Package: rlang
Source: CRAN
Version: 0.1.2
Hash: c17b638e3282aa222a47112d7a60bc66

Package: rmarkdown
Source: CRAN
Version: 1.6
Hash: 40f4034a7b8e28edc2b384bdb0c4d537
Requires: base64enc, caTools, evaluate, htmltools, jsonlite, knitr,
    rprojroot, stringr, yaml

Package: rpart
Source: CRAN
Version: 4.1-11
Hash: 3516bc1f3ef8bc532ac4194a2007ac19

Package: rprojroot
Source: CRAN
Version: 1.2
Hash: fdcac51a7f47decd60556ceefc3c26b1
Requires: backports

Package: sandwich
Source: CRAN
Version: 2.4-0
Hash: 754ae8e02f70c5561f75f7a95ea452cc
Requires: zoo

Package: scales
Source: CRAN
Version: 0.5.0
Hash: 1e70c4e1dcc1c51847edc9f4bc11a81e
Requires: R6, RColorBrewer, Rcpp, dichromat, labeling, munsell, plyr,
    viridisLite

Package: scatterplot3d
Source: CRAN
Version: 0.3-40
Hash: 3c2907170a496ebb2e2bf92742574124

Package: shiny
Source: CRAN
Version: 1.0.5
Hash: 4d47532a807122bfd6bc3818310f9d2e
Requires: R6, digest, htmltools, httpuv, jsonlite, mime, sourcetools,
    xtable

Package: sjlabelled
Source: CRAN
Version: 1.0.5
Hash: 21128ca6cf73ef69977ff25dc4edd195
Requires: broom, dplyr, haven, magrittr, prediction, purrr, snakecase,
    tibble

Package: sjmisc
Source: CRAN
Version: 2.6.3
Hash: 4be4a803e8ea6d4616b4296dffb92675
Requires: broom, cli, crayon, dplyr, haven, magrittr, psych, purrr,
    rlang, sjlabelled, stringdist, stringr, tibble, tidyr, tidyselect

Package: sjstats
Source: CRAN
Version: 0.13.0
Hash: db6ef3ce2de02c27fefa979be028ec72
Requires: MASS, Matrix, bayesplot, broom, coin, dplyr, glmmTMB, lme4,
    lmtest, magrittr, modelr, nlme, prediction, purrr, pwr, rlang,
    sandwich, sjlabelled, sjmisc, tibble, tidyr, tidyselect

Package: snakecase
Source: CRAN
Version: 0.5.1
Hash: ab43953984455273f6bbaac162d48458
Requires: magrittr, purrr, stringi, stringr

Package: sourcetools
Source: CRAN
Version: 0.1.6
Hash: 226d56d7469587da40b0f96180e711b4

Package: sp
Source: CRAN
Version: 1.2-3
Hash: 50e24e98f39f1524698c2ccb3b30fdcf
Requires: lattice

Package: spsurvey
Source: CRAN
Version: 3.3
Hash: 769e712625ecc503a4efc9f09fdac431
Requires: Hmisc, MASS, deldir, foreign, rgeos, sp

Package: stringdist
Source: CRAN
Version: 0.9.4.6
Hash: 0298ec970febd790a28fc7c898854f5e

Package: stringi
Source: CRAN
Version: 1.1.5
Hash: b6308e49357a0b475f433599e0d8b5eb

Package: stringr
Source: CRAN
Version: 1.2.0
Hash: 25a86d7f410513ebb7c0bc6a5e16bdc3
Requires: magrittr, stringi

Package: survey
Source: CRAN
Version: 3.32-1
Hash: e0d6920f9e5b04015ca679f6621e6416
Requires: Matrix, lattice, survival

Package: survival
Source: CRAN
Version: 2.41-3
Hash: db4930fd2dbaff5a78b71832aea4b50d
Requires: Matrix

Package: tibble
Source: CRAN
Version: 1.3.4
Hash: 3b72bdedb6c27fb216574ab9b15f2d43
Requires: Rcpp, rlang

Package: tidyr
Source: CRAN
Version: 0.7.1
Hash: faa86dddf66de38a5af3db4e6f49c467
Requires: Rcpp, dplyr, glue, magrittr, purrr, rlang, stringi, tibble,
    tidyselect

Package: tidyselect
Source: CRAN
Version: 0.2.1
Hash: 5200d5330e7260b5b3cf62a6ebdda2e1
Requires: Rcpp, glue, purrr, rlang

Package: viridis
Source: CRAN
Version: 0.4.0
Hash: 5bdac1bcf74a10a7a96f82191f498ab7
Requires: ggplot2, gridExtra, viridisLite

Package: viridisLite
Source: CRAN
Version: 0.2.0
Hash: 10f0c25af3dc84eaae10f5854f47efdb

Package: visreg
Source: CRAN
Version: 2.4-1
Hash: a71b3b32f2859740384d1bc75fd5742c
Requires: lattice

Package: xtable
Source: CRAN
Version: 1.8-2
Hash: 7293235cfcc14cdff1ce7fd1a0212031

Package: yaml
Source: CRAN
Version: 2.1.14
Hash: c81230c3a7d9ba20607ad6b4331173d1

Package: zoo
Source: CRAN
Version: 1.8-0
Hash: df9711767f56f086e8a8d1f0fb926ff6
Requires: lattice
